version = 1
revision = 3
requires-python = ">=3.11"

[[package]]
name = "asgiref"
version = "3.11.0"
source = { registry = "https://pypi.org/simple" }
sdist = { url = "https://files.pythonhosted.org/packages/76/b9/4db2509eabd14b4a8c71d1b24c8d5734c52b8560a7b1e1a8b56c8d25568b/asgiref-3.11.0.tar.gz", hash = "sha256:13acff32519542a1736223fb79a715acdebe24286d98e8b164a73085f40da2c4", size = 37969, upload-time = "2025-11-19T15:32:20.106Z" }
wheels = [
    { url = "https://files.pythonhosted.org/packages/91/be/317c2c55b8bbec407257d45f5c8d1b6867abc76d12043f2d3d58c538a4ea/asgiref-3.11.0-py3-none-any.whl", hash = "sha256:1db9021efadb0d9512ce8ffaf72fcef601c7b73a8807a1bb2ef143dc6b14846d", size = 24096, upload-time = "2025-11-19T15:32:19.004Z" },
]

[[package]]
name = "colorama"
version = "0.4.6"
source = { registry = "https://pypi.org/simple" }
sdist = { url = "https://files.pythonhosted.org/packages/d8/53/6f443c9a4a8358a93a6792e2acffb9d9d5cb0a5cfd8802644b7b1c9a02e4/colorama-0.4.6.tar.gz", hash = "sha256:08695f5cb7ed6e0531a20572697297273c47b8cae5a63ffc6d6ed5c201be6e44", size = 27697, upload-time = "2022-10-25T02:36:22.414Z" }
wheels = [
    { url = "https://files.pythonhosted.org/packages/d1/d6/3965ed04c63042e047cb6a3e6ed1a63a35087b6a609aa3a15ed8ac56c221/colorama-0.4.6-py2.py3-none-any.whl", hash = "sha256:4f1d9991f5acc0ca119f9d443620b77f9d6b33703e51011c16baf57afb285fc6", size = 25335, upload-time = "2022-10-25T02:36:20.889Z" },
]

[[package]]
name = "django"
version = "5.2.8"
source = { registry = "https://pypi.org/simple" }
dependencies = [
    { name = "asgiref" },
    { name = "sqlparse" },
    { name = "tzdata", marker = "sys_platform == 'win32'" },
]
sdist = { url = "https://files.pythonhosted.org/packages/05/a2/933dbbb3dd9990494960f6e64aca2af4c0745b63b7113f59a822df92329e/django-5.2.8.tar.gz", hash = "sha256:23254866a5bb9a2cfa6004e8b809ec6246eba4b58a7589bc2772f1bcc8456c7f", size = 10849032, upload-time = "2025-11-05T14:07:32.778Z" }
wheels = [
    { url = "https://files.pythonhosted.org/packages/5e/3d/a035a4ee9b1d4d4beee2ae6e8e12fe6dee5514b21f62504e22efcbd9fb46/django-5.2.8-py3-none-any.whl", hash = "sha256:37e687f7bd73ddf043e2b6b97cfe02fcbb11f2dbb3adccc6a2b18c6daa054d7f", size = 8289692, upload-time = "2025-11-05T14:07:28.761Z" },
]

[[package]]
name = "django-bot-rickroll"
version = "0.1.0"
source = { editable = "." }
dependencies = [
    { name = "django" },
]

[package.dev-dependencies]
dev = [
    { name = "prek" },
    { name = "pytest" },
    { name = "pytest-django" },
]

[package.metadata]
requires-dist = [{ name = "django", specifier = ">=4.0" }]

[package.metadata.requires-dev]
dev = [
    { name = "prek", specifier = ">=0.2.19" },
    { name = "pytest", specifier = ">=8.0" },
    { name = "pytest-django", specifier = ">=4.5" },
]

[[package]]
name = "iniconfig"
version = "2.3.0"
source = { registry = "https://pypi.org/simple" }
sdist = { url = "https://files.pythonhosted.org/packages/72/34/14ca021ce8e5dfedc35312d08ba8bf51fdd999c576889fc2c24cb97f4f10/iniconfig-2.3.0.tar.gz", hash = "sha256:c76315c77db068650d49c5b56314774a7804df16fee4402c1f19d6d15d8c4730", size = 20503, upload-time = "2025-10-18T21:55:43.219Z" }
wheels = [
    { url = "https://files.pythonhosted.org/packages/cb/b1/3846dd7f199d53cb17f49cba7e651e9ce294d8497c8c150530ed11865bb8/iniconfig-2.3.0-py3-none-any.whl", hash = "sha256:f631c04d2c48c52b84d0d0549c99ff3859c98df65b3101406327ecc7d53fbf12", size = 7484, upload-time = "2025-10-18T21:55:41.639Z" },
]

[[package]]
name = "packaging"
version = "25.0"
source = { registry = "https://pypi.org/simple" }
sdist = { url = "https://files.pythonhosted.org/packages/a1/d4/1fc4078c65507b51b96ca8f8c3ba19e6a61c8253c72794544580a7b6c24d/packaging-25.0.tar.gz", hash = "sha256:d443872c98d677bf60f6a1f2f8c1cb748e8fe762d2bf9d3148b5599295b0fc4f", size = 165727, upload-time = "2025-04-19T11:48:59.673Z" }
wheels = [
    { url = "https://files.pythonhosted.org/packages/20/12/38679034af332785aac8774540895e234f4d07f7545804097de4b666afd8/packaging-25.0-py3-none-any.whl", hash = "sha256:29572ef2b1f17581046b3a2227d5c611fb25ec70ca1ba8554b24b0e69331a484", size = 66469, upload-time = "2025-04-19T11:48:57.875Z" },
]

[[package]]
name = "pluggy"
version = "1.6.0"
source = { registry = "https://pypi.org/simple" }
sdist = { url = "https://files.pythonhosted.org/packages/f9/e2/3e91f31a7d2b083fe6ef3fa267035b518369d9511ffab804f839851d2779/pluggy-1.6.0.tar.gz", hash = "sha256:7dcc130b76258d33b90f61b658791dede3486c3e6bfb003ee5c9bfb396dd22f3", size = 69412, upload-time = "2025-05-15T12:30:07.975Z" }
wheels = [
    { url = "https://files.pythonhosted.org/packages/54/20/4d324d65cc6d9205fabedc306948156824eb9f0ee1633355a8f7ec5c66bf/pluggy-1.6.0-py3-none-any.whl", hash = "sha256:e920276dd6813095e9377c0bc5566d94c932c33b27a3e3945d8389c374dd4746", size = 20538, upload-time = "2025-05-15T12:30:06.134Z" },
]

[[package]]
name = "prek"
version = "0.2.19"
source = { registry = "https://pypi.org/simple" }
sdist = { url = "https://files.pythonhosted.org/packages/0f/f5/d18c5981540da731b0dbb3499718256764d4e3c939011e78b7bb3637b626/prek-0.2.19.tar.gz", hash = "sha256:2995be837a97ea9b8d2f27894b1fc763594701bafbc8d26c46f80ea9e2cb28a9", size = 346456, upload-time = "2025-11-26T09:27:22.552Z" }
wheels = [
    { url = "https://files.pythonhosted.org/packages/ef/ab/b23d83992e76738c3aeb254739e554f32d11be58121488b124918e461200/prek-0.2.19-py3-none-linux_armv6l.whl", hash = "sha256:8879bd9df431bfa689cd38633e324b76d6579cf1978f186849c75c9d7c0dc6b4", size = 4681449, upload-time = "2025-11-26T09:26:58.126Z" },
    { url = "https://files.pythonhosted.org/packages/9f/4b/d2289899e3d05e825018e9e6b6d2b5e95e1b877f9b673cda352555b2b778/prek-0.2.19-py3-none-macosx_10_12_x86_64.whl", hash = "sha256:3b57000eb18f5621c55ef255da8953aaaa316b013714e05709c76accc24487bf", size = 4754502, upload-time = "2025-11-26T09:27:10.633Z" },
    { url = "https://files.pythonhosted.org/packages/e4/9a/198336704e8faf86293626d39657136cb42bed7cd046a6fd183c7497e5ec/prek-0.2.19-py3-none-macosx_11_0_arm64.whl", hash = "sha256:598cad01b68fae2732ff552c93e8286071e58796c7f3c461c298ad8618d984ab", size = 4484800, upload-time = "2025-11-26T09:27:06.322Z" },
    { url = "https://files.pythonhosted.org/packages/12/e6/d0f87337413a79eff029d1eb6a2d2b66d07f8bd59edbd30220d195654ad5/prek-0.2.19-py3-none-manylinux_2_17_aarch64.manylinux2014_aarch64.musllinux_1_1_aarch64.whl", hash = "sha256:dd8e5f36022fcbefbc9750e3f5067a01102b1c0808325489f5614bc012be1136", size = 4684849, upload-time = "2025-11-26T09:26:52.688Z" },
    { url = "https://files.pythonhosted.org/packages/3d/b5/e4f4f0acc8ad1fd967494b962bfabc821807b52a7c68d2bae30c65b588c4/prek-0.2.19-py3-none-manylinux_2_17_armv7l.manylinux2014_armv7l.whl", hash = "sha256:721271a31f51c8c7994d24e5e3816a249c482b56fe287ec31e96f47479432201", size = 4608595, upload-time = "2025-11-26T09:26:44.418Z" },
    { url = "https://files.pythonhosted.org/packages/c8/24/faa519d2b8b9ceba6dd43c3e993ebacfef33ddc4be2b781beef24b9ad79e/prek-0.2.19-py3-none-manylinux_2_17_i686.manylinux2014_i686.whl", hash = "sha256:116bd9152c68be9a77b40af15763ddba73d4744dd606fe6686c3d2e9eb7b52b1", size = 4893501, upload-time = "2025-11-26T09:27:16.515Z" },
    { url = "https://files.pythonhosted.org/packages/d4/19/2b92c8fbfe9872a233fc326cb969348dd2fc8db0d01323cf822b5c2990ff/prek-0.2.19-py3-none-manylinux_2_17_ppc64.manylinux2014_ppc64.whl", hash = "sha256:96aef4dfcf8c3c28d93ee93f78289e07a3ce60e1f2f91d3eb9f023dc75b62216", size = 5318688, upload-time = "2025-11-26T09:27:02.662Z" },
    { url = "https://files.pythonhosted.org/packages/ed/8e/934b5dff72aaf6df41ae59bf5324f2c3db8a123cb976387e85c16cc639b2/prek-0.2.19-py3-none-manylinux_2_17_ppc64le.manylinux2014_ppc64le.whl", hash = "sha256:8a1156a1f525d3f6b69bc1c07a0dea930cb9027f95bcb4d390fe5fe7fe88687e", size = 5261297, upload-time = "2025-11-26T09:27:14.677Z" },
    { url = "https://files.pythonhosted.org/packages/89/ba/990decf00161eed117fb7c71a9f2cba71879e77bf7a6e17d94659f72cd4e/prek-0.2.19-py3-none-manylinux_2_17_s390x.manylinux2014_s390x.whl", hash = "sha256:485b152f4a637aa761ab1634a6b9a38cd07cc6d23e3651f2c8eb4d7a507e132c", size = 5328804, upload-time = "2025-11-26T09:26:48.591Z" },
    { url = "https://files.pythonhosted.org/packages/bf/57/b7b87ee878c45046cb220ecdd257ea0398984b104f983b7eb25a92fe86e2/prek-0.2.19-py3-none-manylinux_2_17_x86_64.manylinux2014_x86_64.whl", hash = "sha256:7613493f39918247f2d97ebce8b3692fc738aa2ab8a9f76cfa800947756cfa42", size = 4938116, upload-time = "2025-11-26T09:27:00.417Z" },
    { url = "https://files.pythonhosted.org/packages/4b/50/33b8cd6fe3517be2a4303a72b20341a54b728e9fc0027e0cc65843210ee9/prek-0.2.19-py3-none-manylinux_2_28_aarch64.whl", hash = "sha256:a1546907f28b56c940f7d3cd9452052bcd97be31de92bf0a4bd07c4746929a00", size = 4694953, upload-time = "2025-11-26T09:26:46.463Z" },
    { url = "https://files.pythonhosted.org/packages/db/8d/06b49a443a43a0fbf576e0d068ce4cce2a76367b19f42552f6182c3d06a0/prek-0.2.19-py3-none-manylinux_2_31_riscv64.whl", hash = "sha256:7db50ebce756e6d67c4ed1935c6e1bcacf29662c9bfee4a0f401d3fb0385d922", size = 4708769, upload-time = "2025-11-26T09:26:50.737Z" },
    { url = "https://files.pythonhosted.org/packages/18/d9/1e317d0697a98b2c57e2b4c1f8d3efeb6db86b81ce2df5211fdbb17f8b7c/prek-0.2.19-py3-none-musllinux_1_1_armv7l.whl", hash = "sha256:37f03e0796d753a9bd82ed09a7e901474e6a26b9a6ceffa5003a3fa703497a8e", size = 4593381, upload-time = "2025-11-26T09:27:12.592Z" },
    { url = "https://files.pythonhosted.org/packages/0c/f0/0e32a9a7fc7876d08f5b118ecab6e81c5b433ddaa4daaa6c930c46c7d916/prek-0.2.19-py3-none-musllinux_1_1_i686.whl", hash = "sha256:3b0da9f14191e0adfb55e626ce3562d802800bc9aea96bbbdc1374290ef848c9", size = 4787292, upload-time = "2025-11-26T09:27:08.071Z" },
    { url = "https://files.pythonhosted.org/packages/e0/61/70204d48dd86a472d56dc75d2d9caf8236507a563428cb22fe5c90933978/prek-0.2.19-py3-none-musllinux_1_1_x86_64.whl", hash = "sha256:9cef90e8f8d5de9a165f2a81d9ce728bd3b99b65620a8427928e832a43fe4c4b", size = 5053192, upload-time = "2025-11-26T09:26:56.027Z" },
    { url = "https://files.pythonhosted.org/packages/14/5c/13361ca9aa8ce3bce50430b5f2afb2ea9e44639841a638f998c762c27708/prek-0.2.19-py3-none-win32.whl", hash = "sha256:a6d19d8b10bc4aba18cf1a7902de7bede05671f484adabeac2d96a02ac470ef1", size = 4442525, upload-time = "2025-11-26T09:27:18.678Z" },
    { url = "https://files.pythonhosted.org/packages/c9/d5/bf010982c063ed630bf75c058e2313ba546daa11343fa2ba3116a19f5b69/prek-0.2.19-py3-none-win_amd64.whl", hash = "sha256:34a638a2cb9808b3db8b7020c9cf03d445e9c957a36e09a443a19e1e71a2fb6c", size = 5114204, upload-time = "2025-11-26T09:27:04.784Z" },
    { url = "https://files.pythonhosted.org/packages/06/e3/42a5fb0f0dc2d0ae117e533e9da8a0fb41850526b27dd5dd5c0f37e878fa/prek-0.2.19-py3-none-win_arm64.whl", hash = "sha256:1a865880cc2362eb0698d938b811a796dfd5bcb49ef7abd02568f0f5e3b7ec88", size = 4796136, upload-time = "2025-11-26T09:27:20.766Z" },
]

[[package]]
name = "pygments"
version = "2.19.2"
source = { registry = "https://pypi.org/simple" }
sdist = { url = "https://files.pythonhosted.org/packages/b0/77/a5b8c569bf593b0140bde72ea885a803b82086995367bf2037de0159d924/pygments-2.19.2.tar.gz", hash = "sha256:636cb2477cec7f8952536970bc533bc43743542f70392ae026374600add5b887", size = 4968631, upload-time = "2025-06-21T13:39:12.283Z" }
wheels = [
    { url = "https://files.pythonhosted.org/packages/c7/21/705964c7812476f378728bdf590ca4b771ec72385c533964653c68e86bdc/pygments-2.19.2-py3-none-any.whl", hash = "sha256:86540386c03d588bb81d44bc3928634ff26449851e99741617ecb9037ee5ec0b", size = 1225217, upload-time = "2025-06-21T13:39:07.939Z" },
]

[[package]]
name = "pytest"
version = "9.0.1"
source = { registry = "https://pypi.org/simple" }
dependencies = [
    { name = "colorama", marker = "sys_platform == 'win32'" },
    { name = "iniconfig" },
    { name = "packaging" },
    { name = "pluggy" },
    { name = "pygments" },
]
sdist = { url = "https://files.pythonhosted.org/packages/07/56/f013048ac4bc4c1d9be45afd4ab209ea62822fb1598f40687e6bf45dcea4/pytest-9.0.1.tar.gz", hash = "sha256:3e9c069ea73583e255c3b21cf46b8d3c56f6e3a1a8f6da94ccb0fcf57b9d73c8", size = 1564125, upload-time = "2025-11-12T13:05:09.333Z" }
wheels = [
    { url = "https://files.pythonhosted.org/packages/0b/8b/6300fb80f858cda1c51ffa17075df5d846757081d11ab4aa35cef9e6258b/pytest-9.0.1-py3-none-any.whl", hash = "sha256:67be0030d194df2dfa7b556f2e56fb3c3315bd5c8822c6951162b92b32ce7dad", size = 373668, upload-time = "2025-11-12T13:05:07.379Z" },
]

[[package]]
name = "pytest-django"
version = "4.11.1"
source = { registry = "https://pypi.org/simple" }
dependencies = [
    { name = "pytest" },
]
sdist = { url = "https://files.pythonhosted.org/packages/b1/fb/55d580352db26eb3d59ad50c64321ddfe228d3d8ac107db05387a2fadf3a/pytest_django-4.11.1.tar.gz", hash = "sha256:a949141a1ee103cb0e7a20f1451d355f83f5e4a5d07bdd4dcfdd1fd0ff227991", size = 86202, upload-time = "2025-04-03T18:56:09.338Z" }
wheels = [
    { url = "https://files.pythonhosted.org/packages/be/ac/bd0608d229ec808e51a21044f3f2f27b9a37e7a0ebaca7247882e67876af/pytest_django-4.11.1-py3-none-any.whl", hash = "sha256:1b63773f648aa3d8541000c26929c1ea63934be1cfa674c76436966d73fe6a10", size = 25281, upload-time = "2025-04-03T18:56:07.678Z" },
]

[[package]]
name = "sqlparse"
version = "0.5.4"
source = { registry = "https://pypi.org/simple" }
sdist = { url = "https://files.pythonhosted.org/packages/18/67/701f86b28d63b2086de47c942eccf8ca2208b3be69715a1119a4e384415a/sqlparse-0.5.4.tar.gz", hash = "sha256:4396a7d3cf1cd679c1be976cf3dc6e0a51d0111e87787e7a8d780e7d5a998f9e", size = 120112, upload-time = "2025-11-28T07:10:18.377Z" }
wheels = [
    { url = "https://files.pythonhosted.org/packages/25/70/001ee337f7aa888fb2e3f5fd7592a6afc5283adb1ed44ce8df5764070f22/sqlparse-0.5.4-py3-none-any.whl", hash = "sha256:99a9f0314977b76d776a0fcb8554de91b9bb8a18560631d6bc48721d07023dcb", size = 45933, upload-time = "2025-11-28T07:10:19.73Z" },
]

[[package]]
name = "tzdata"
version = "2025.2"
source = { registry = "https://pypi.org/simple" }
sdist = { url = "https://files.pythonhosted.org/packages/95/32/1a225d6164441be760d75c2c42e2780dc0873fe382da3e98a2e1e48361e5/tzdata-2025.2.tar.gz", hash = "sha256:b60a638fcc0daffadf82fe0f57e53d06bdec2f36c4df66280ae79bce6bd6f2b9", size = 196380, upload-time = "2025-03-23T13:54:43.652Z" }
wheels = [
    { url = "https://files.pythonhosted.org/packages/5c/23/c7abc0ca0a1526a0774eca151daeb8de62ec457e77262b66b359c3c7679e/tzdata-2025.2-py2.py3-none-any.whl", hash = "sha256:1a403fada01ff9221ca8044d701868fa132215d84beb92242d9acd2147f667a8", size = 347839, upload-time = "2025-03-23T13:54:41.845Z" },
]
